// !$*UTF8*$!
{
	archiveVersion = 1;
	classes = {
	};
	objectVersion = 50;
	objects = {

/* Begin PBXBuildFile section */
		1E304419041DCEC4EC7F61C8 /* Pods_testTests.framework in Frameworks */ = {isa = PBXBuildFile; fileRef = D26147F77E8349392B42FFB8 /* Pods_testTests.framework */; };
		298571E9D8EBE699FF578198 /* Pods_test_testUITests.framework in Frameworks */ = {isa = PBXBuildFile; fileRef = C02C22D771E7434B11DBD979 /* Pods_test_testUITests.framework */; };
		39AB39F737EEA1DBE2A0EF9A /* Pods_test.framework in Frameworks */ = {isa = PBXBuildFile; fileRef = 74B94CFC96E753FCBCBC4679 /* Pods_test.framework */; };
		AE14E5992363060C00D2875E /* AppDelegate.swift in Sources */ = {isa = PBXBuildFile; fileRef = AE14E5982363060C00D2875E /* AppDelegate.swift */; };
		AE14E59B2363060C00D2875E /* SceneDelegate.swift in Sources */ = {isa = PBXBuildFile; fileRef = AE14E59A2363060C00D2875E /* SceneDelegate.swift */; };
		AE14E59D2363060C00D2875E /* ViewController.swift in Sources */ = {isa = PBXBuildFile; fileRef = AE14E59C2363060C00D2875E /* ViewController.swift */; };
		AE14E5A02363060C00D2875E /* Main.storyboard in Resources */ = {isa = PBXBuildFile; fileRef = AE14E59E2363060C00D2875E /* Main.storyboard */; };
		AE14E5A22363060D00D2875E /* Assets.xcassets in Resources */ = {isa = PBXBuildFile; fileRef = AE14E5A12363060D00D2875E /* Assets.xcassets */; };
		AE14E5A52363060D00D2875E /* LaunchScreen.storyboard in Resources */ = {isa = PBXBuildFile; fileRef = AE14E5A32363060D00D2875E /* LaunchScreen.storyboard */; };
		AE14E5B02363060D00D2875E /* testTests.swift in Sources */ = {isa = PBXBuildFile; fileRef = AE14E5AF2363060D00D2875E /* testTests.swift */; };
		AE14E5BB2363060D00D2875E /* testUITests.swift in Sources */ = {isa = PBXBuildFile; fileRef = AE14E5BA2363060D00D2875E /* testUITests.swift */; };
/* End PBXBuildFile section */

/* Begin PBXContainerItemProxy section */
		AE14E5AC2363060D00D2875E /* PBXContainerItemProxy */ = {
			isa = PBXContainerItemProxy;
			containerPortal = AE14E58D2363060C00D2875E /* Project object */;
			proxyType = 1;
			remoteGlobalIDString = AE14E5942363060C00D2875E;
			remoteInfo = test;
		};
		AE14E5B72363060D00D2875E /* PBXContainerItemProxy */ = {
			isa = PBXContainerItemProxy;
			containerPortal = AE14E58D2363060C00D2875E /* Project object */;
			proxyType = 1;
			remoteGlobalIDString = AE14E5942363060C00D2875E;
			remoteInfo = test;
		};
/* End PBXContainerItemProxy section */

/* Begin PBXFileReference section */
		162586E40243DA0FBCB095D5 /* Pods-testTests.release.xcconfig */ = {isa = PBXFileReference; includeInIndex = 1; lastKnownFileType = text.xcconfig; name = "Pods-testTests.release.xcconfig"; path = "Target Support Files/Pods-testTests/Pods-testTests.release.xcconfig"; sourceTree = "<group>"; };
		3A175F8003CA080B8F886C47 /* Pods-test.release.xcconfig */ = {isa = PBXFileReference; includeInIndex = 1; lastKnownFileType = text.xcconfig; name = "Pods-test.release.xcconfig"; path = "Target Support Files/Pods-test/Pods-test.release.xcconfig"; sourceTree = "<group>"; };
		5180BEE2A5DDC1D2E2CAA52A /* Pods-test-testUITests.release.xcconfig */ = {isa = PBXFileReference; includeInIndex = 1; lastKnownFileType = text.xcconfig; name = "Pods-test-testUITests.release.xcconfig"; path = "Target Support Files/Pods-test-testUITests/Pods-test-testUITests.release.xcconfig"; sourceTree = "<group>"; };
		6E6DC470EA0A751B50C2A6B5 /* Pods-test.debug.xcconfig */ = {isa = PBXFileReference; includeInIndex = 1; lastKnownFileType = text.xcconfig; name = "Pods-test.debug.xcconfig"; path = "Target Support Files/Pods-test/Pods-test.debug.xcconfig"; sourceTree = "<group>"; };
		74B94CFC96E753FCBCBC4679 /* Pods_test.framework */ = {isa = PBXFileReference; explicitFileType = wrapper.framework; includeInIndex = 0; path = Pods_test.framework; sourceTree = BUILT_PRODUCTS_DIR; };
		AA463522A53F1615FAE89B84 /* Pods-testTests.debug.xcconfig */ = {isa = PBXFileReference; includeInIndex = 1; lastKnownFileType = text.xcconfig; name = "Pods-testTests.debug.xcconfig"; path = "Target Support Files/Pods-testTests/Pods-testTests.debug.xcconfig"; sourceTree = "<group>"; };
		AE14E5952363060C00D2875E /* test.app */ = {isa = PBXFileReference; explicitFileType = wrapper.application; includeInIndex = 0; path = test.app; sourceTree = BUILT_PRODUCTS_DIR; };
		AE14E5982363060C00D2875E /* AppDelegate.swift */ = {isa = PBXFileReference; lastKnownFileType = sourcecode.swift; path = AppDelegate.swift; sourceTree = "<group>"; };
		AE14E59A2363060C00D2875E /* SceneDelegate.swift */ = {isa = PBXFileReference; lastKnownFileType = sourcecode.swift; path = SceneDelegate.swift; sourceTree = "<group>"; };
		AE14E59C2363060C00D2875E /* ViewController.swift */ = {isa = PBXFileReference; lastKnownFileType = sourcecode.swift; path = ViewController.swift; sourceTree = "<group>"; };
		AE14E59F2363060C00D2875E /* Base */ = {isa = PBXFileReference; lastKnownFileType = file.storyboard; name = Base; path = Base.lproj/Main.storyboard; sourceTree = "<group>"; };
		AE14E5A12363060D00D2875E /* Assets.xcassets */ = {isa = PBXFileReference; lastKnownFileType = folder.assetcatalog; path = Assets.xcassets; sourceTree = "<group>"; };
		AE14E5A42363060D00D2875E /* Base */ = {isa = PBXFileReference; lastKnownFileType = file.storyboard; name = Base; path = Base.lproj/LaunchScreen.storyboard; sourceTree = "<group>"; };
		AE14E5A62363060D00D2875E /* Info.plist */ = {isa = PBXFileReference; lastKnownFileType = text.plist.xml; path = Info.plist; sourceTree = "<group>"; };
		AE14E5AB2363060D00D2875E /* testTests.xctest */ = {isa = PBXFileReference; explicitFileType = wrapper.cfbundle; includeInIndex = 0; path = testTests.xctest; sourceTree = BUILT_PRODUCTS_DIR; };
		AE14E5AF2363060D00D2875E /* testTests.swift */ = {isa = PBXFileReference; lastKnownFileType = sourcecode.swift; path = testTests.swift; sourceTree = "<group>"; };
		AE14E5B12363060D00D2875E /* Info.plist */ = {isa = PBXFileReference; lastKnownFileType = text.plist.xml; path = Info.plist; sourceTree = "<group>"; };
		AE14E5B62363060D00D2875E /* testUITests.xctest */ = {isa = PBXFileReference; explicitFileType = wrapper.cfbundle; includeInIndex = 0; path = testUITests.xctest; sourceTree = BUILT_PRODUCTS_DIR; };
		AE14E5BA2363060D00D2875E /* testUITests.swift */ = {isa = PBXFileReference; lastKnownFileType = sourcecode.swift; path = testUITests.swift; sourceTree = "<group>"; };
		AE14E5BC2363060D00D2875E /* Info.plist */ = {isa = PBXFileReference; lastKnownFileType = text.plist.xml; path = Info.plist; sourceTree = "<group>"; };
		C02C22D771E7434B11DBD979 /* Pods_test_testUITests.framework */ = {isa = PBXFileReference; explicitFileType = wrapper.framework; includeInIndex = 0; path = Pods_test_testUITests.framework; sourceTree = BUILT_PRODUCTS_DIR; };
		D26147F77E8349392B42FFB8 /* Pods_testTests.framework */ = {isa = PBXFileReference; explicitFileType = wrapper.framework; includeInIndex = 0; path = Pods_testTests.framework; sourceTree = BUILT_PRODUCTS_DIR; };
		FC1540E24299B994E97C58A6 /* Pods-test-testUITests.debug.xcconfig */ = {isa = PBXFileReference; includeInIndex = 1; lastKnownFileType = text.xcconfig; name = "Pods-test-testUITests.debug.xcconfig"; path = "Target Support Files/Pods-test-testUITests/Pods-test-testUITests.debug.xcconfig"; sourceTree = "<group>"; };
/* End PBXFileReference section */

/* Begin PBXFrameworksBuildPhase section */
		AE14E5922363060C00D2875E /* Frameworks */ = {
			isa = PBXFrameworksBuildPhase;
			buildActionMask = 2147483647;
			files = (
				39AB39F737EEA1DBE2A0EF9A /* Pods_test.framework in Frameworks */,
			);
			runOnlyForDeploymentPostprocessing = 0;
		};
		AE14E5A82363060D00D2875E /* Frameworks */ = {
			isa = PBXFrameworksBuildPhase;
			buildActionMask = 2147483647;
			files = (
				1E304419041DCEC4EC7F61C8 /* Pods_testTests.framework in Frameworks */,
			);
			runOnlyForDeploymentPostprocessing = 0;
		};
		AE14E5B32363060D00D2875E /* Frameworks */ = {
			isa = PBXFrameworksBuildPhase;
			buildActionMask = 2147483647;
			files = (
				298571E9D8EBE699FF578198 /* Pods_test_testUITests.framework in Frameworks */,
			);
			runOnlyForDeploymentPostprocessing = 0;
		};
/* End PBXFrameworksBuildPhase section */

/* Begin PBXGroup section */
		8BE8CA6A93922875EFFF453C /* Pods */ = {
			isa = PBXGroup;
			children = (
				6E6DC470EA0A751B50C2A6B5 /* Pods-test.debug.xcconfig */,
				3A175F8003CA080B8F886C47 /* Pods-test.release.xcconfig */,
				FC1540E24299B994E97C58A6 /* Pods-test-testUITests.debug.xcconfig */,
				5180BEE2A5DDC1D2E2CAA52A /* Pods-test-testUITests.release.xcconfig */,
				AA463522A53F1615FAE89B84 /* Pods-testTests.debug.xcconfig */,
				162586E40243DA0FBCB095D5 /* Pods-testTests.release.xcconfig */,
			);
			name = Pods;
			path = Pods;
			sourceTree = "<group>";
		};
		AE14E58C2363060C00D2875E = {
			isa = PBXGroup;
			children = (
				AE14E5972363060C00D2875E /* test */,
				AE14E5AE2363060D00D2875E /* testTests */,
				AE14E5B92363060D00D2875E /* testUITests */,
				AE14E5962363060C00D2875E /* Products */,
				8BE8CA6A93922875EFFF453C /* Pods */,
				B37AE548F83842B281B5D8EA /* Frameworks */,
			);
			sourceTree = "<group>";
		};
		AE14E5962363060C00D2875E /* Products */ = {
			isa = PBXGroup;
			children = (
				AE14E5952363060C00D2875E /* test.app */,
				AE14E5AB2363060D00D2875E /* testTests.xctest */,
				AE14E5B62363060D00D2875E /* testUITests.xctest */,
			);
			name = Products;
			sourceTree = "<group>";
		};
		AE14E5972363060C00D2875E /* test */ = {
			isa = PBXGroup;
			children = (
				AE14E5982363060C00D2875E /* AppDelegate.swift */,
				AE14E59A2363060C00D2875E /* SceneDelegate.swift */,
				AE14E59C2363060C00D2875E /* ViewController.swift */,
				AE14E59E2363060C00D2875E /* Main.storyboard */,
				AE14E5A12363060D00D2875E /* Assets.xcassets */,
				AE14E5A32363060D00D2875E /* LaunchScreen.storyboard */,
				AE14E5A62363060D00D2875E /* Info.plist */,
			);
			path = test;
			sourceTree = "<group>";
		};
		AE14E5AE2363060D00D2875E /* testTests */ = {
			isa = PBXGroup;
			children = (
				AE14E5AF2363060D00D2875E /* testTests.swift */,
				AE14E5B12363060D00D2875E /* Info.plist */,
			);
			path = testTests;
			sourceTree = "<group>";
		};
		AE14E5B92363060D00D2875E /* testUITests */ = {
			isa = PBXGroup;
			children = (
				AE14E5BA2363060D00D2875E /* testUITests.swift */,
				AE14E5BC2363060D00D2875E /* Info.plist */,
			);
			path = testUITests;
			sourceTree = "<group>";
		};
		B37AE548F83842B281B5D8EA /* Frameworks */ = {
			isa = PBXGroup;
			children = (
				74B94CFC96E753FCBCBC4679 /* Pods_test.framework */,
				C02C22D771E7434B11DBD979 /* Pods_test_testUITests.framework */,
				D26147F77E8349392B42FFB8 /* Pods_testTests.framework */,
			);
			name = Frameworks;
			sourceTree = "<group>";
		};
/* End PBXGroup section */

/* Begin PBXNativeTarget section */
		AE14E5942363060C00D2875E /* test */ = {
			isa = PBXNativeTarget;
			buildConfigurationList = AE14E5BF2363060D00D2875E /* Build configuration list for PBXNativeTarget "test" */;
			buildPhases = (
				E3E3C8F709764A33748F9834 /* [CP] Check Pods Manifest.lock */,
				AE14E5912363060C00D2875E /* Sources */,
				AE14E5922363060C00D2875E /* Frameworks */,
				AE14E5932363060C00D2875E /* Resources */,
				3742191400388F7CB3C3BE55 /* [CP] Embed Pods Frameworks */,
			);
			buildRules = (
			);
			dependencies = (
			);
			name = test;
			productName = test;
			productReference = AE14E5952363060C00D2875E /* test.app */;
			productType = "com.apple.product-type.application";
		};
		AE14E5AA2363060D00D2875E /* testTests */ = {
			isa = PBXNativeTarget;
			buildConfigurationList = AE14E5C22363060D00D2875E /* Build configuration list for PBXNativeTarget "testTests" */;
			buildPhases = (
				58D55737474077EB840261A8 /* [CP] Check Pods Manifest.lock */,
				AE14E5A72363060D00D2875E /* Sources */,
				AE14E5A82363060D00D2875E /* Frameworks */,
				AE14E5A92363060D00D2875E /* Resources */,
			);
			buildRules = (
			);
			dependencies = (
				AE14E5AD2363060D00D2875E /* PBXTargetDependency */,
			);
			name = testTests;
			productName = testTests;
			productReference = AE14E5AB2363060D00D2875E /* testTests.xctest */;
			productType = "com.apple.product-type.bundle.unit-test";
		};
		AE14E5B52363060D00D2875E /* testUITests */ = {
			isa = PBXNativeTarget;
			buildConfigurationList = AE14E5C52363060D00D2875E /* Build configuration list for PBXNativeTarget "testUITests" */;
			buildPhases = (
				5BC78BC7AACB299EFC8166AF /* [CP] Check Pods Manifest.lock */,
				AE14E5B22363060D00D2875E /* Sources */,
				AE14E5B32363060D00D2875E /* Frameworks */,
				AE14E5B42363060D00D2875E /* Resources */,
				CC60401F48781AC89A01A4CB /* [CP] Embed Pods Frameworks */,
			);
			buildRules = (
			);
			dependencies = (
				AE14E5B82363060D00D2875E /* PBXTargetDependency */,
			);
			name = testUITests;
			productName = testUITests;
			productReference = AE14E5B62363060D00D2875E /* testUITests.xctest */;
			productType = "com.apple.product-type.bundle.ui-testing";
		};
/* End PBXNativeTarget section */

/* Begin PBXProject section */
		AE14E58D2363060C00D2875E /* Project object */ = {
			isa = PBXProject;
			attributes = {
				LastSwiftUpdateCheck = 1110;
				LastUpgradeCheck = 1110;
				ORGANIZATIONNAME = Cloud;
				TargetAttributes = {
					AE14E5942363060C00D2875E = {
						CreatedOnToolsVersion = 11.1;
					};
					AE14E5AA2363060D00D2875E = {
						CreatedOnToolsVersion = 11.1;
						TestTargetID = AE14E5942363060C00D2875E;
					};
					AE14E5B52363060D00D2875E = {
						CreatedOnToolsVersion = 11.1;
						TestTargetID = AE14E5942363060C00D2875E;
					};
				};
			};
			buildConfigurationList = AE14E5902363060C00D2875E /* Build configuration list for PBXProject "test" */;
			compatibilityVersion = "Xcode 9.3";
			developmentRegion = en;
			hasScannedForEncodings = 0;
			knownRegions = (
				en,
				Base,
			);
			mainGroup = AE14E58C2363060C00D2875E;
			productRefGroup = AE14E5962363060C00D2875E /* Products */;
			projectDirPath = "";
			projectRoot = "";
			targets = (
				AE14E5942363060C00D2875E /* test */,
				AE14E5AA2363060D00D2875E /* testTests */,
				AE14E5B52363060D00D2875E /* testUITests */,
			);
		};
/* End PBXProject section */

/* Begin PBXResourcesBuildPhase section */
		AE14E5932363060C00D2875E /* Resources */ = {
			isa = PBXResourcesBuildPhase;
			buildActionMask = 2147483647;
			files = (
				AE14E5A52363060D00D2875E /* LaunchScreen.storyboard in Resources */,
				AE14E5A22363060D00D2875E /* Assets.xcassets in Resources */,
				AE14E5A02363060C00D2875E /* Main.storyboard in Resources */,
			);
			runOnlyForDeploymentPostprocessing = 0;
		};
		AE14E5A92363060D00D2875E /* Resources */ = {
			isa = PBXResourcesBuildPhase;
			buildActionMask = 2147483647;
			files = (
			);
			runOnlyForDeploymentPostprocessing = 0;
		};
		AE14E5B42363060D00D2875E /* Resources */ = {
			isa = PBXResourcesBuildPhase;
			buildActionMask = 2147483647;
			files = (
			);
			runOnlyForDeploymentPostprocessing = 0;
		};
/* End PBXResourcesBuildPhase section */

/* Begin PBXShellScriptBuildPhase section */
		3742191400388F7CB3C3BE55 /* [CP] Embed Pods Frameworks */ = {
			isa = PBXShellScriptBuildPhase;
			buildActionMask = 2147483647;
			files = (
			);
			inputFileListPaths = (
				"${PODS_ROOT}/Target Support Files/Pods-test/Pods-test-frameworks-${CONFIGURATION}-input-files.xcfilelist",
			);
			name = "[CP] Embed Pods Frameworks";
			outputFileListPaths = (
				"${PODS_ROOT}/Target Support Files/Pods-test/Pods-test-frameworks-${CONFIGURATION}-output-files.xcfilelist",
			);
			runOnlyForDeploymentPostprocessing = 0;
			shellPath = /bin/sh;
			shellScript = "\"${PODS_ROOT}/Target Support Files/Pods-test/Pods-test-frameworks.sh\"\n";
			showEnvVarsInLog = 0;
		};
		58D55737474077EB840261A8 /* [CP] Check Pods Manifest.lock */ = {
			isa = PBXShellScriptBuildPhase;
			buildActionMask = 2147483647;
			files = (
			);
			inputFileListPaths = (
			);
			inputPaths = (
				"${PODS_PODFILE_DIR_PATH}/Podfile.lock",
				"${PODS_ROOT}/Manifest.lock",
			);
			name = "[CP] Check Pods Manifest.lock";
			outputFileListPaths = (
			);
			outputPaths = (
				"$(DERIVED_FILE_DIR)/Pods-testTests-checkManifestLockResult.txt",
			);
			runOnlyForDeploymentPostprocessing = 0;
			shellPath = /bin/sh;
			shellScript = "diff \"${PODS_PODFILE_DIR_PATH}/Podfile.lock\" \"${PODS_ROOT}/Manifest.lock\" > /dev/null\nif [ $? != 0 ] ; then\n    # print error to STDERR\n    echo \"error: The sandbox is not in sync with the Podfile.lock. Run 'pod install' or update your CocoaPods installation.\" >&2\n    exit 1\nfi\n# This output is used by Xcode 'outputs' to avoid re-running this script phase.\necho \"SUCCESS\" > \"${SCRIPT_OUTPUT_FILE_0}\"\n";
			showEnvVarsInLog = 0;
		};
		5BC78BC7AACB299EFC8166AF /* [CP] Check Pods Manifest.lock */ = {
			isa = PBXShellScriptBuildPhase;
			buildActionMask = 2147483647;
			files = (
			);
			inputFileListPaths = (
			);
			inputPaths = (
				"${PODS_PODFILE_DIR_PATH}/Podfile.lock",
				"${PODS_ROOT}/Manifest.lock",
			);
			name = "[CP] Check Pods Manifest.lock";
			outputFileListPaths = (
			);
			outputPaths = (
				"$(DERIVED_FILE_DIR)/Pods-test-testUITests-checkManifestLockResult.txt",
			);
			runOnlyForDeploymentPostprocessing = 0;
			shellPath = /bin/sh;
			shellScript = "diff \"${PODS_PODFILE_DIR_PATH}/Podfile.lock\" \"${PODS_ROOT}/Manifest.lock\" > /dev/null\nif [ $? != 0 ] ; then\n    # print error to STDERR\n    echo \"error: The sandbox is not in sync with the Podfile.lock. Run 'pod install' or update your CocoaPods installation.\" >&2\n    exit 1\nfi\n# This output is used by Xcode 'outputs' to avoid re-running this script phase.\necho \"SUCCESS\" > \"${SCRIPT_OUTPUT_FILE_0}\"\n";
			showEnvVarsInLog = 0;
		};
		CC60401F48781AC89A01A4CB /* [CP] Embed Pods Frameworks */ = {
			isa = PBXShellScriptBuildPhase;
			buildActionMask = 2147483647;
			files = (
			);
			inputFileListPaths = (
				"${PODS_ROOT}/Target Support Files/Pods-test-testUITests/Pods-test-testUITests-frameworks-${CONFIGURATION}-input-files.xcfilelist",
			);
			name = "[CP] Embed Pods Frameworks";
			outputFileListPaths = (
				"${PODS_ROOT}/Target Support Files/Pods-test-testUITests/Pods-test-testUITests-frameworks-${CONFIGURATION}-output-files.xcfilelist",
			);
			runOnlyForDeploymentPostprocessing = 0;
			shellPath = /bin/sh;
			shellScript = "\"${PODS_ROOT}/Target Support Files/Pods-test-testUITests/Pods-test-testUITests-frameworks.sh\"\n";
			showEnvVarsInLog = 0;
		};
		E3E3C8F709764A33748F9834 /* [CP] Check Pods Manifest.lock */ = {
			isa = PBXShellScriptBuildPhase;
			buildActionMask = 2147483647;
			files = (
			);
			inputFileListPaths = (
			);
			inputPaths = (
				"${PODS_PODFILE_DIR_PATH}/Podfile.lock",
				"${PODS_ROOT}/Manifest.lock",
			);
			name = "[CP] Check Pods Manifest.lock";
			outputFileListPaths = (
			);
			outputPaths = (
				"$(DERIVED_FILE_DIR)/Pods-test-checkManifestLockResult.txt",
			);
			runOnlyForDeploymentPostprocessing = 0;
			shellPath = /bin/sh;
			shellScript = "diff \"${PODS_PODFILE_DIR_PATH}/Podfile.lock\" \"${PODS_ROOT}/Manifest.lock\" > /dev/null\nif [ $? != 0 ] ; then\n    # print error to STDERR\n    echo \"error: The sandbox is not in sync with the Podfile.lock. Run 'pod install' or update your CocoaPods installation.\" >&2\n    exit 1\nfi\n# This output is used by Xcode 'outputs' to avoid re-running this script phase.\necho \"SUCCESS\" > \"${SCRIPT_OUTPUT_FILE_0}\"\n";
			showEnvVarsInLog = 0;
		};
/* End PBXShellScriptBuildPhase section */

/* Begin PBXSourcesBuildPhase section */
		AE14E5912363060C00D2875E /* Sources */ = {
			isa = PBXSourcesBuildPhase;
			buildActionMask = 2147483647;
			files = (
				AE14E59D2363060C00D2875E /* ViewController.swift in Sources */,
				AE14E5992363060C00D2875E /* AppDelegate.swift in Sources */,
				AE14E59B2363060C00D2875E /* SceneDelegate.swift in Sources */,
			);
			runOnlyForDeploymentPostprocessing = 0;
		};
		AE14E5A72363060D00D2875E /* Sources */ = {
			isa = PBXSourcesBuildPhase;
			buildActionMask = 2147483647;
			files = (
				AE14E5B02363060D00D2875E /* testTests.swift in Sources */,
			);
			runOnlyForDeploymentPostprocessing = 0;
		};
		AE14E5B22363060D00D2875E /* Sources */ = {
			isa = PBXSourcesBuildPhase;
			buildActionMask = 2147483647;
			files = (
				AE14E5BB2363060D00D2875E /* testUITests.swift in Sources */,
			);
			runOnlyForDeploymentPostprocessing = 0;
		};
/* End PBXSourcesBuildPhase section */

/* Begin PBXTargetDependency section */
		AE14E5AD2363060D00D2875E /* PBXTargetDependency */ = {
			isa = PBXTargetDependency;
			target = AE14E5942363060C00D2875E /* test */;
			targetProxy = AE14E5AC2363060D00D2875E /* PBXContainerItemProxy */;
		};
		AE14E5B82363060D00D2875E /* PBXTargetDependency */ = {
			isa = PBXTargetDependency;
			target = AE14E5942363060C00D2875E /* test */;
			targetProxy = AE14E5B72363060D00D2875E /* PBXContainerItemProxy */;
		};
/* End PBXTargetDependency section */

/* Begin PBXVariantGroup section */
		AE14E59E2363060C00D2875E /* Main.storyboard */ = {
			isa = PBXVariantGroup;
			children = (
				AE14E59F2363060C00D2875E /* Base */,
			);
			name = Main.storyboard;
			sourceTree = "<group>";
		};
		AE14E5A32363060D00D2875E /* LaunchScreen.storyboard */ = {
			isa = PBXVariantGroup;
			children = (
				AE14E5A42363060D00D2875E /* Base */,
			);
			name = LaunchScreen.storyboard;
			sourceTree = "<group>";
		};
/* End PBXVariantGroup section */

/* Begin XCBuildConfiguration section */
		AE14E5BD2363060D00D2875E /* Debug */ = {
			isa = XCBuildConfiguration;
			buildSettings = {
				ALWAYS_SEARCH_USER_PATHS = NO;
				CLANG_ANALYZER_NONNULL = YES;
				CLANG_ANALYZER_NUMBER_OBJECT_CONVERSION = YES_AGGRESSIVE;
				CLANG_CXX_LANGUAGE_STANDARD = "gnu++14";
				CLANG_CXX_LIBRARY = "libc++";
				CLANG_ENABLE_MODULES = YES;
				CLANG_ENABLE_OBJC_ARC = YES;
				CLANG_ENABLE_OBJC_WEAK = YES;
				CLANG_WARN_BLOCK_CAPTURE_AUTORELEASING = YES;
				CLANG_WARN_BOOL_CONVERSION = YES;
				CLANG_WARN_COMMA = YES;
				CLANG_WARN_CONSTANT_CONVERSION = YES;
				CLANG_WARN_DEPRECATED_OBJC_IMPLEMENTATIONS = YES;
				CLANG_WARN_DIRECT_OBJC_ISA_USAGE = YES_ERROR;
				CLANG_WARN_DOCUMENTATION_COMMENTS = YES;
				CLANG_WARN_EMPTY_BODY = YES;
				CLANG_WARN_ENUM_CONVERSION = YES;
				CLANG_WARN_INFINITE_RECURSION = YES;
				CLANG_WARN_INT_CONVERSION = YES;
				CLANG_WARN_NON_LITERAL_NULL_CONVERSION = YES;
				CLANG_WARN_OBJC_IMPLICIT_RETAIN_SELF = YES;
				CLANG_WARN_OBJC_LITERAL_CONVERSION = YES;
				CLANG_WARN_OBJC_ROOT_CLASS = YES_ERROR;
				CLANG_WARN_RANGE_LOOP_ANALYSIS = YES;
				CLANG_WARN_STRICT_PROTOTYPES = YES;
				CLANG_WARN_SUSPICIOUS_MOVE = YES;
				CLANG_WARN_UNGUARDED_AVAILABILITY = YES_AGGRESSIVE;
				CLANG_WARN_UNREACHABLE_CODE = YES;
				CLANG_WARN__DUPLICATE_METHOD_MATCH = YES;
				COPY_PHASE_STRIP = NO;
				DEBUG_INFORMATION_FORMAT = dwarf;
				ENABLE_STRICT_OBJC_MSGSEND = YES;
				ENABLE_TESTABILITY = YES;
				GCC_C_LANGUAGE_STANDARD = gnu11;
				GCC_DYNAMIC_NO_PIC = NO;
				GCC_NO_COMMON_BLOCKS = YES;
				GCC_OPTIMIZATION_LEVEL = 0;
				GCC_PREPROCESSOR_DEFINITIONS = (
					"DEBUG=1",
					"$(inherited)",
				);
				GCC_WARN_64_TO_32_BIT_CONVERSION = YES;
				GCC_WARN_ABOUT_RETURN_TYPE = YES_ERROR;
				GCC_WARN_UNDECLARED_SELECTOR = YES;
				GCC_WARN_UNINITIALIZED_AUTOS = YES_AGGRESSIVE;
				GCC_WARN_UNUSED_FUNCTION = YES;
				GCC_WARN_UNUSED_VARIABLE = YES;
				IPHONEOS_DEPLOYMENT_TARGET = 13.1;
				MTL_ENABLE_DEBUG_INFO = INCLUDE_SOURCE;
				MTL_FAST_MATH = YES;
				ONLY_ACTIVE_ARCH = YES;
				SDKROOT = iphoneos;
				SWIFT_ACTIVE_COMPILATION_CONDITIONS = DEBUG;
				SWIFT_OPTIMIZATION_LEVEL = "-Onone";
			};
			name = Debug;
		};
		AE14E5BE2363060D00D2875E /* Release */ = {
			isa = XCBuildConfiguration;
			buildSettings = {
				ALWAYS_SEARCH_USER_PATHS = NO;
				CLANG_ANALYZER_NONNULL = YES;
				CLANG_ANALYZER_NUMBER_OBJECT_CONVERSION = YES_AGGRESSIVE;
				CLANG_CXX_LANGUAGE_STANDARD = "gnu++14";
				CLANG_CXX_LIBRARY = "libc++";
				CLANG_ENABLE_MODULES = YES;
				CLANG_ENABLE_OBJC_ARC = YES;
				CLANG_ENABLE_OBJC_WEAK = YES;
				CLANG_WARN_BLOCK_CAPTURE_AUTORELEASING = YES;
				CLANG_WARN_BOOL_CONVERSION = YES;
				CLANG_WARN_COMMA = YES;
				CLANG_WARN_CONSTANT_CONVERSION = YES;
				CLANG_WARN_DEPRECATED_OBJC_IMPLEMENTATIONS = YES;
				CLANG_WARN_DIRECT_OBJC_ISA_USAGE = YES_ERROR;
				CLANG_WARN_DOCUMENTATION_COMMENTS = YES;
				CLANG_WARN_EMPTY_BODY = YES;
				CLANG_WARN_ENUM_CONVERSION = YES;
				CLANG_WARN_INFINITE_RECURSION = YES;
				CLANG_WARN_INT_CONVERSION = YES;
				CLANG_WARN_NON_LITERAL_NULL_CONVERSION = YES;
				CLANG_WARN_OBJC_IMPLICIT_RETAIN_SELF = YES;
				CLANG_WARN_OBJC_LITERAL_CONVERSION = YES;
				CLANG_WARN_OBJC_ROOT_CLASS = YES_ERROR;
				CLANG_WARN_RANGE_LOOP_ANALYSIS = YES;
				CLANG_WARN_STRICT_PROTOTYPES = YES;
				CLANG_WARN_SUSPICIOUS_MOVE = YES;
				CLANG_WARN_UNGUARDED_AVAILABILITY = YES_AGGRESSIVE;
				CLANG_WARN_UNREACHABLE_CODE = YES;
				CLANG_WARN__DUPLICATE_METHOD_MATCH = YES;
				COPY_PHASE_STRIP = NO;
				DEBUG_INFORMATION_FORMAT = "dwarf-with-dsym";
				ENABLE_NS_ASSERTIONS = NO;
				ENABLE_STRICT_OBJC_MSGSEND = YES;
				GCC_C_LANGUAGE_STANDARD = gnu11;
				GCC_NO_COMMON_BLOCKS = YES;
				GCC_WARN_64_TO_32_BIT_CONVERSION = YES;
				GCC_WARN_ABOUT_RETURN_TYPE = YES_ERROR;
				GCC_WARN_UNDECLARED_SELECTOR = YES;
				GCC_WARN_UNINITIALIZED_AUTOS = YES_AGGRESSIVE;
				GCC_WARN_UNUSED_FUNCTION = YES;
				GCC_WARN_UNUSED_VARIABLE = YES;
				IPHONEOS_DEPLOYMENT_TARGET = 13.1;
				MTL_ENABLE_DEBUG_INFO = NO;
				MTL_FAST_MATH = YES;
				SDKROOT = iphoneos;
				SWIFT_COMPILATION_MODE = wholemodule;
				SWIFT_OPTIMIZATION_LEVEL = "-O";
				VALIDATE_PRODUCT = YES;
			};
			name = Release;
		};
		AE14E5C02363060D00D2875E /* Debug */ = {
			isa = XCBuildConfiguration;
			baseConfigurationReference = 6E6DC470EA0A751B50C2A6B5 /* Pods-test.debug.xcconfig */;
			buildSettings = {
				ASSETCATALOG_COMPILER_APPICON_NAME = AppIcon;
				CODE_SIGN_STYLE = Automatic;
				DEVELOPMENT_TEAM = 6HG325P9V2;
				INFOPLIST_FILE = test/Info.plist;
				LD_RUNPATH_SEARCH_PATHS = (
					"$(inherited)",
					"@executable_path/Frameworks",
				);
				PRODUCT_BUNDLE_IDENTIFIER = cLoud.test;
				PRODUCT_NAME = "$(TARGET_NAME)";
				SWIFT_VERSION = 5.0;
				TARGETED_DEVICE_FAMILY = "1,2";
			};
			name = Debug;
		};
		AE14E5C12363060D00D2875E /* Release */ = {
			isa = XCBuildConfiguration;
			baseConfigurationReference = 3A175F8003CA080B8F886C47 /* Pods-test.release.xcconfig */;
			buildSettings = {
				ASSETCATALOG_COMPILER_APPICON_NAME = AppIcon;
				CODE_SIGN_STYLE = Automatic;
				DEVELOPMENT_TEAM = 6HG325P9V2;
				INFOPLIST_FILE = test/Info.plist;
				LD_RUNPATH_SEARCH_PATHS = (
					"$(inherited)",
					"@executable_path/Frameworks",
				);
				PRODUCT_BUNDLE_IDENTIFIER = cLoud.test;
				PRODUCT_NAME = "$(TARGET_NAME)";
				SWIFT_VERSION = 5.0;
				TARGETED_DEVICE_FAMILY = "1,2";
			};
			name = Release;
		};
		AE14E5C32363060D00D2875E /* Debug */ = {
			isa = XCBuildConfiguration;
			baseConfigurationReference = AA463522A53F1615FAE89B84 /* Pods-testTests.debug.xcconfig */;
			buildSettings = {
				ALWAYS_EMBED_SWIFT_STANDARD_LIBRARIES = YES;
				BUNDLE_LOADER = "$(TEST_HOST)";
				CODE_SIGN_STYLE = Automatic;
				DEVELOPMENT_TEAM = 6HG325P9V2;
				INFOPLIST_FILE = testTests/Info.plist;
				IPHONEOS_DEPLOYMENT_TARGET = 13.1;
				LD_RUNPATH_SEARCH_PATHS = (
					"$(inherited)",
					"@executable_path/Frameworks",
					"@loader_path/Frameworks",
				);
				PRODUCT_BUNDLE_IDENTIFIER = cLoud.testTests;
				PRODUCT_NAME = "$(TARGET_NAME)";
				SWIFT_VERSION = 5.0;
				TARGETED_DEVICE_FAMILY = "1,2";
				TEST_HOST = "$(BUILT_PRODUCTS_DIR)/test.app/test";
			};
			name = Debug;
		};
		AE14E5C42363060D00D2875E /* Release */ = {
			isa = XCBuildConfiguration;
			baseConfigurationReference = 162586E40243DA0FBCB095D5 /* Pods-testTests.release.xcconfig */;
			buildSettings = {
				ALWAYS_EMBED_SWIFT_STANDARD_LIBRARIES = YES;
				BUNDLE_LOADER = "$(TEST_HOST)";
				CODE_SIGN_STYLE = Automatic;
				DEVELOPMENT_TEAM = 6HG325P9V2;
				INFOPLIST_FILE = testTests/Info.plist;
				IPHONEOS_DEPLOYMENT_TARGET = 13.1;
				LD_RUNPATH_SEARCH_PATHS = (
					"$(inherited)",
					"@executable_path/Frameworks",
					"@loader_path/Frameworks",
				);
				PRODUCT_BUNDLE_IDENTIFIER = cLoud.testTests;
				PRODUCT_NAME = "$(TARGET_NAME)";
				SWIFT_VERSION = 5.0;
				TARGETED_DEVICE_FAMILY = "1,2";
				TEST_HOST = "$(BUILT_PRODUCTS_DIR)/test.app/test";
			};
			name = Release;
		};
		AE14E5C62363060D00D2875E /* Debug */ = {
			isa = XCBuildConfiguration;
			baseConfigurationReference = FC1540E24299B994E97C58A6 /* Pods-test-testUITests.debug.xcconfig */;
			buildSettings = {
				ALWAYS_EMBED_SWIFT_STANDARD_LIBRARIES = YES;
				CODE_SIGN_STYLE = Automatic;
				DEVELOPMENT_TEAM = 6HG325P9V2;
				INFOPLIST_FILE = testUITests/Info.plist;
				LD_RUNPATH_SEARCH_PATHS = (
					"$(inherited)",
					"@executable_path/Frameworks",
					"@loader_path/Frameworks",
				);
				PRODUCT_BUNDLE_IDENTIFIER = cLoud.testUITests;
				PRODUCT_NAME = "$(TARGET_NAME)";
				SWIFT_VERSION = 5.0;
				TARGETED_DEVICE_FAMILY = "1,2";
				TEST_TARGET_NAME = test;
			};
			name = Debug;
		};
		AE14E5C72363060D00D2875E /* Release */ = {
			isa = XCBuildConfiguration;
			baseConfigurationReference = 5180BEE2A5DDC1D2E2CAA52A /* Pods-test-testUITests.release.xcconfig */;
			buildSettings = {
				ALWAYS_EMBED_SWIFT_STANDARD_LIBRARIES = YES;
				CODE_SIGN_STYLE = Automatic;
				DEVELOPMENT_TEAM = 6HG325P9V2;
				INFOPLIST_FILE = testUITests/Info.plist;
				LD_RUNPATH_SEARCH_PATHS = (
					"$(inherited)",
					"@executable_path/Frameworks",
					"@loader_path/Frameworks",
				);
				PRODUCT_BUNDLE_IDENTIFIER = cLoud.testUITests;
				PRODUCT_NAME = "$(TARGET_NAME)";
				SWIFT_VERSION = 5.0;
				TARGETED_DEVICE_FAMILY = "1,2";
				TEST_TARGET_NAME = test;
			};
			name = Release;
		};
/* End XCBuildConfiguration section */

/* Begin XCConfigurationList section */
		AE14E5902363060C00D2875E /* Build configuration list for PBXProject "test" */ = {
			isa = XCConfigurationList;
			buildConfigurations = (
				AE14E5BD2363060D00D2875E /* Debug */,
				AE14E5BE2363060D00D2875E /* Release */,
			);
			defaultConfigurationIsVisible = 0;
			defaultConfigurationName = Release;
		};
		AE14E5BF2363060D00D2875E /* Build configuration list for PBXNativeTarget "test" */ = {
			isa = XCConfigurationList;
			buildConfigurations = (
				AE14E5C02363060D00D2875E /* Debug */,
				AE14E5C12363060D00D2875E /* Release */,
			);
			defaultConfigurationIsVisible = 0;
			defaultConfigurationName = Release;
		};
		AE14E5C22363060D00D2875E /* Build configuration list for PBXNativeTarget "testTests" */ = {
			isa = XCConfigurationList;
			buildConfigurations = (
				AE14E5C32363060D00D2875E /* Debug */,
				AE14E5C42363060D00D2875E /* Release */,
			);
			defaultConfigurationIsVisible = 0;
			defaultConfigurationName = Release;
		};
		AE14E5C52363060D00D2875E /* Build configuration list for PBXNativeTarget "testUITests" */ = {
			isa = XCConfigurationList;
			buildConfigurations = (
				AE14E5C62363060D00D2875E /* Debug */,
				AE14E5C72363060D00D2875E /* Release */,
			);
			defaultConfigurationIsVisible = 0;
			defaultConfigurationName = Release;
		};
/* End XCConfigurationList section */
	};
	rootObject = AE14E58D2363060C00D2875E /* Project object */;
}
