// !$*UTF8*$!
{
	archiveVersion = 1;
	classes = {
	};
	objectVersion = 48;
	objects = {

/* Begin PBXBuildFile section */
		543AA21AF2E3D15263C1E225 /* Pods_StoreAppUITests.framework in Frameworks */ = {isa = PBXBuildFile; fileRef = 6EA8C4F492F801211FD0D8E3 /* Pods_StoreAppUITests.framework */; };
		72AD84C2913D44E573F486FA /* Pods_StoreApp.framework in Frameworks */ = {isa = PBXBuildFile; fileRef = 90BEDA9A35C62C4F558AA77C /* Pods_StoreApp.framework */; };
		D133AD745C9098B89DE021DE /* Pods_StoreAppTests.framework in Frameworks */ = {isa = PBXBuildFile; fileRef = 401C48E18DD13A6D1B7CD2B2 /* Pods_StoreAppTests.framework */; };
		D54109452249F9420047CDC6 /* StoreItemMaker.swift in Sources */ = {isa = PBXBuildFile; fileRef = D54109442249F9420047CDC6 /* StoreItemMaker.swift */; };
		D5410947224A3F790047CDC6 /* StoreItemSlot.swift in Sources */ = {isa = PBXBuildFile; fileRef = D5410946224A3F790047CDC6 /* StoreItemSlot.swift */; };
		D5439862224CAD1E00635C95 /* side.json in Resources */ = {isa = PBXBuildFile; fileRef = D5439860224CAD1E00635C95 /* side.json */; };
		D5439863224CAD1E00635C95 /* soup.json in Resources */ = {isa = PBXBuildFile; fileRef = D5439861224CAD1E00635C95 /* soup.json */; };
		D5439865224CB4E400635C95 /* StoreItemContainer.swift in Sources */ = {isa = PBXBuildFile; fileRef = D5439864224CB4E400635C95 /* StoreItemContainer.swift */; };
		D543986D224CCFEE00635C95 /* MyCustomHeader.swift in Sources */ = {isa = PBXBuildFile; fileRef = D543986C224CCFEE00635C95 /* MyCustomHeader.swift */; };
		D543986F224CD09000635C95 /* MyCustomHeader.xib in Resources */ = {isa = PBXBuildFile; fileRef = D543986E224CD09000635C95 /* MyCustomHeader.xib */; };
		D550E1162256010D00BD5C30 /* URLWorker.swift in Sources */ = {isa = PBXBuildFile; fileRef = D550E1152256010D00BD5C30 /* URLWorker.swift */; };
		D55688D92248E54D002B80A0 /* DataSourceObject.swift in Sources */ = {isa = PBXBuildFile; fileRef = D55688D82248E54D002B80A0 /* DataSourceObject.swift */; };
		D55688DC2248E687002B80A0 /* MyCustomCell.swift in Sources */ = {isa = PBXBuildFile; fileRef = D55688DB2248E687002B80A0 /* MyCustomCell.swift */; };
		D55688DE2248E96C002B80A0 /* main.json in Resources */ = {isa = PBXBuildFile; fileRef = D55688DD2248E96C002B80A0 /* main.json */; };
		D55688E02248EA50002B80A0 /* StoreItem.swift in Sources */ = {isa = PBXBuildFile; fileRef = D55688DF2248EA50002B80A0 /* StoreItem.swift */; };
		D575547E2248E29E0000A3D1 /* AppDelegate.swift in Sources */ = {isa = PBXBuildFile; fileRef = D575547D2248E29E0000A3D1 /* AppDelegate.swift */; };
		D57554802248E29E0000A3D1 /* ViewController.swift in Sources */ = {isa = PBXBuildFile; fileRef = D575547F2248E29E0000A3D1 /* ViewController.swift */; };
		D57554832248E29E0000A3D1 /* Main.storyboard in Resources */ = {isa = PBXBuildFile; fileRef = D57554812248E29E0000A3D1 /* Main.storyboard */; };
		D57554852248E29E0000A3D1 /* Assets.xcassets in Resources */ = {isa = PBXBuildFile; fileRef = D57554842248E29E0000A3D1 /* Assets.xcassets */; };
		D57554882248E29E0000A3D1 /* LaunchScreen.storyboard in Resources */ = {isa = PBXBuildFile; fileRef = D57554862248E29E0000A3D1 /* LaunchScreen.storyboard */; };
		D57554932248E29F0000A3D1 /* StoreAppTests.swift in Sources */ = {isa = PBXBuildFile; fileRef = D57554922248E29F0000A3D1 /* StoreAppTests.swift */; };
		D575549E2248E29F0000A3D1 /* StoreAppUITests.swift in Sources */ = {isa = PBXBuildFile; fileRef = D575549D2248E29F0000A3D1 /* StoreAppUITests.swift */; };
		D5E974E5224CEED80075151C /* MyHeaderContent.swift in Sources */ = {isa = PBXBuildFile; fileRef = D5E974E4224CEED80075151C /* MyHeaderContent.swift */; };
/* End PBXBuildFile section */

/* Begin PBXContainerItemProxy section */
		D550E14022561D2200BD5C30 /* PBXContainerItemProxy */ = {
			isa = PBXContainerItemProxy;
			containerPortal = D550E13B22561D2000BD5C30 /* URLWorker.xcodeproj */;
			proxyType = 2;
			remoteGlobalIDString = D550E12122561D2000BD5C30;
			remoteInfo = URLWorker;
		};
		D550E14222561D2200BD5C30 /* PBXContainerItemProxy */ = {
			isa = PBXContainerItemProxy;
			containerPortal = D550E13B22561D2000BD5C30 /* URLWorker.xcodeproj */;
			proxyType = 2;
			remoteGlobalIDString = D550E12A22561D2000BD5C30;
			remoteInfo = URLWorkerTests;
		};
		D575548F2248E29F0000A3D1 /* PBXContainerItemProxy */ = {
			isa = PBXContainerItemProxy;
			containerPortal = D57554722248E29E0000A3D1 /* Project object */;
			proxyType = 1;
			remoteGlobalIDString = D57554792248E29E0000A3D1;
			remoteInfo = StoreApp;
		};
		D575549A2248E29F0000A3D1 /* PBXContainerItemProxy */ = {
			isa = PBXContainerItemProxy;
			containerPortal = D57554722248E29E0000A3D1 /* Project object */;
			proxyType = 1;
			remoteGlobalIDString = D57554792248E29E0000A3D1;
			remoteInfo = StoreApp;
		};
/* End PBXContainerItemProxy section */

/* Begin PBXFileReference section */
		401C48E18DD13A6D1B7CD2B2 /* Pods_StoreAppTests.framework */ = {isa = PBXFileReference; explicitFileType = wrapper.framework; includeInIndex = 0; path = Pods_StoreAppTests.framework; sourceTree = BUILT_PRODUCTS_DIR; };
		4C7E91CB1BAD350A75941723 /* Pods-StoreAppTests.release.xcconfig */ = {isa = PBXFileReference; includeInIndex = 1; lastKnownFileType = text.xcconfig; name = "Pods-StoreAppTests.release.xcconfig"; path = "Target Support Files/Pods-StoreAppTests/Pods-StoreAppTests.release.xcconfig"; sourceTree = "<group>"; };
		60387CA670B13E9557F18C0F /* Pods-StoreAppUITests.debug.xcconfig */ = {isa = PBXFileReference; includeInIndex = 1; lastKnownFileType = text.xcconfig; name = "Pods-StoreAppUITests.debug.xcconfig"; path = "Target Support Files/Pods-StoreAppUITests/Pods-StoreAppUITests.debug.xcconfig"; sourceTree = "<group>"; };
		641D8C9D614476153715FE0B /* Pods-StoreApp.debug.xcconfig */ = {isa = PBXFileReference; includeInIndex = 1; lastKnownFileType = text.xcconfig; name = "Pods-StoreApp.debug.xcconfig"; path = "Target Support Files/Pods-StoreApp/Pods-StoreApp.debug.xcconfig"; sourceTree = "<group>"; };
		6EA8C4F492F801211FD0D8E3 /* Pods_StoreAppUITests.framework */ = {isa = PBXFileReference; explicitFileType = wrapper.framework; includeInIndex = 0; path = Pods_StoreAppUITests.framework; sourceTree = BUILT_PRODUCTS_DIR; };
		75270A19A6F22AF491DBCB7E /* Pods-StoreApp.release.xcconfig */ = {isa = PBXFileReference; includeInIndex = 1; lastKnownFileType = text.xcconfig; name = "Pods-StoreApp.release.xcconfig"; path = "Target Support Files/Pods-StoreApp/Pods-StoreApp.release.xcconfig"; sourceTree = "<group>"; };
		90BEDA9A35C62C4F558AA77C /* Pods_StoreApp.framework */ = {isa = PBXFileReference; explicitFileType = wrapper.framework; includeInIndex = 0; path = Pods_StoreApp.framework; sourceTree = BUILT_PRODUCTS_DIR; };
		99803C212F73C7A918573DD1 /* Pods-StoreAppUITests.release.xcconfig */ = {isa = PBXFileReference; includeInIndex = 1; lastKnownFileType = text.xcconfig; name = "Pods-StoreAppUITests.release.xcconfig"; path = "Target Support Files/Pods-StoreAppUITests/Pods-StoreAppUITests.release.xcconfig"; sourceTree = "<group>"; };
		D54109442249F9420047CDC6 /* StoreItemMaker.swift */ = {isa = PBXFileReference; lastKnownFileType = sourcecode.swift; path = StoreItemMaker.swift; sourceTree = "<group>"; };
		D5410946224A3F790047CDC6 /* StoreItemSlot.swift */ = {isa = PBXFileReference; lastKnownFileType = sourcecode.swift; path = StoreItemSlot.swift; sourceTree = "<group>"; };
		D5439860224CAD1E00635C95 /* side.json */ = {isa = PBXFileReference; fileEncoding = 4; lastKnownFileType = text.json; path = side.json; sourceTree = "<group>"; };
		D5439861224CAD1E00635C95 /* soup.json */ = {isa = PBXFileReference; fileEncoding = 4; lastKnownFileType = text.json; path = soup.json; sourceTree = "<group>"; };
		D5439864224CB4E400635C95 /* StoreItemContainer.swift */ = {isa = PBXFileReference; lastKnownFileType = sourcecode.swift; path = StoreItemContainer.swift; sourceTree = "<group>"; };
		D543986C224CCFEE00635C95 /* MyCustomHeader.swift */ = {isa = PBXFileReference; lastKnownFileType = sourcecode.swift; path = MyCustomHeader.swift; sourceTree = "<group>"; };
		D543986E224CD09000635C95 /* MyCustomHeader.xib */ = {isa = PBXFileReference; lastKnownFileType = file.xib; path = MyCustomHeader.xib; sourceTree = "<group>"; };
		D550E1152256010D00BD5C30 /* URLWorker.swift */ = {isa = PBXFileReference; lastKnownFileType = sourcecode.swift; name = URLWorker.swift; path = ../../URLWorker/URLWorker/URLWorker.swift; sourceTree = "<group>"; };
		D550E13B22561D2000BD5C30 /* URLWorker.xcodeproj */ = {isa = PBXFileReference; lastKnownFileType = "wrapper.pb-project"; name = URLWorker.xcodeproj; path = URLWorker/URLWorker.xcodeproj; sourceTree = "<group>"; };
		D55688D82248E54D002B80A0 /* DataSourceObject.swift */ = {isa = PBXFileReference; lastKnownFileType = sourcecode.swift; path = DataSourceObject.swift; sourceTree = "<group>"; };
		D55688DB2248E687002B80A0 /* MyCustomCell.swift */ = {isa = PBXFileReference; lastKnownFileType = sourcecode.swift; path = MyCustomCell.swift; sourceTree = "<group>"; };
		D55688DD2248E96C002B80A0 /* main.json */ = {isa = PBXFileReference; fileEncoding = 4; lastKnownFileType = text.json; path = main.json; sourceTree = "<group>"; };
		D55688DF2248EA50002B80A0 /* StoreItem.swift */ = {isa = PBXFileReference; lastKnownFileType = sourcecode.swift; path = StoreItem.swift; sourceTree = "<group>"; };
		D575547A2248E29E0000A3D1 /* StoreApp.app */ = {isa = PBXFileReference; explicitFileType = wrapper.application; includeInIndex = 0; path = StoreApp.app; sourceTree = BUILT_PRODUCTS_DIR; };
		D575547D2248E29E0000A3D1 /* AppDelegate.swift */ = {isa = PBXFileReference; lastKnownFileType = sourcecode.swift; path = AppDelegate.swift; sourceTree = "<group>"; };
		D575547F2248E29E0000A3D1 /* ViewController.swift */ = {isa = PBXFileReference; lastKnownFileType = sourcecode.swift; path = ViewController.swift; sourceTree = "<group>"; };
		D57554822248E29E0000A3D1 /* Base */ = {isa = PBXFileReference; lastKnownFileType = file.storyboard; name = Base; path = Base.lproj/Main.storyboard; sourceTree = "<group>"; };
		D57554842248E29E0000A3D1 /* Assets.xcassets */ = {isa = PBXFileReference; lastKnownFileType = folder.assetcatalog; path = Assets.xcassets; sourceTree = "<group>"; };
		D57554872248E29E0000A3D1 /* Base */ = {isa = PBXFileReference; lastKnownFileType = file.storyboard; name = Base; path = Base.lproj/LaunchScreen.storyboard; sourceTree = "<group>"; };
		D57554892248E29E0000A3D1 /* Info.plist */ = {isa = PBXFileReference; lastKnownFileType = text.plist.xml; path = Info.plist; sourceTree = "<group>"; };
		D575548E2248E29F0000A3D1 /* StoreAppTests.xctest */ = {isa = PBXFileReference; explicitFileType = wrapper.cfbundle; includeInIndex = 0; path = StoreAppTests.xctest; sourceTree = BUILT_PRODUCTS_DIR; };
		D57554922248E29F0000A3D1 /* StoreAppTests.swift */ = {isa = PBXFileReference; lastKnownFileType = sourcecode.swift; path = StoreAppTests.swift; sourceTree = "<group>"; };
		D57554942248E29F0000A3D1 /* Info.plist */ = {isa = PBXFileReference; lastKnownFileType = text.plist.xml; path = Info.plist; sourceTree = "<group>"; };
		D57554992248E29F0000A3D1 /* StoreAppUITests.xctest */ = {isa = PBXFileReference; explicitFileType = wrapper.cfbundle; includeInIndex = 0; path = StoreAppUITests.xctest; sourceTree = BUILT_PRODUCTS_DIR; };
		D575549D2248E29F0000A3D1 /* StoreAppUITests.swift */ = {isa = PBXFileReference; lastKnownFileType = sourcecode.swift; path = StoreAppUITests.swift; sourceTree = "<group>"; };
		D575549F2248E29F0000A3D1 /* Info.plist */ = {isa = PBXFileReference; lastKnownFileType = text.plist.xml; path = Info.plist; sourceTree = "<group>"; };
		D5E974E4224CEED80075151C /* MyHeaderContent.swift */ = {isa = PBXFileReference; lastKnownFileType = sourcecode.swift; path = MyHeaderContent.swift; sourceTree = "<group>"; };
		E2CEFCA3AC192ABD9C531A5E /* Pods-StoreAppTests.debug.xcconfig */ = {isa = PBXFileReference; includeInIndex = 1; lastKnownFileType = text.xcconfig; name = "Pods-StoreAppTests.debug.xcconfig"; path = "Target Support Files/Pods-StoreAppTests/Pods-StoreAppTests.debug.xcconfig"; sourceTree = "<group>"; };
/* End PBXFileReference section */

/* Begin PBXFrameworksBuildPhase section */
		D57554772248E29E0000A3D1 /* Frameworks */ = {
			isa = PBXFrameworksBuildPhase;
			buildActionMask = 2147483647;
			files = (
				72AD84C2913D44E573F486FA /* Pods_StoreApp.framework in Frameworks */,
			);
			runOnlyForDeploymentPostprocessing = 0;
		};
		D575548B2248E29F0000A3D1 /* Frameworks */ = {
			isa = PBXFrameworksBuildPhase;
			buildActionMask = 2147483647;
			files = (
				D133AD745C9098B89DE021DE /* Pods_StoreAppTests.framework in Frameworks */,
			);
			runOnlyForDeploymentPostprocessing = 0;
		};
		D57554962248E29F0000A3D1 /* Frameworks */ = {
			isa = PBXFrameworksBuildPhase;
			buildActionMask = 2147483647;
			files = (
				543AA21AF2E3D15263C1E225 /* Pods_StoreAppUITests.framework in Frameworks */,
			);
			runOnlyForDeploymentPostprocessing = 0;
		};
/* End PBXFrameworksBuildPhase section */

/* Begin PBXGroup section */
		D543985F224CAD0300635C95 /* JSON */ = {
			isa = PBXGroup;
			children = (
				D5439860224CAD1E00635C95 /* side.json */,
				D5439861224CAD1E00635C95 /* soup.json */,
				D55688DD2248E96C002B80A0 /* main.json */,
			);
			path = JSON;
			sourceTree = "<group>";
		};
		D550E13C22561D2000BD5C30 /* Products */ = {
			isa = PBXGroup;
			children = (
				D550E14122561D2200BD5C30 /* URLWorker.framework */,
				D550E14322561D2200BD5C30 /* URLWorkerTests.xctest */,
			);
			name = Products;
			sourceTree = "<group>";
		};
		D55688DA2248E665002B80A0 /* Model */ = {
			isa = PBXGroup;
			children = (
				D55688D82248E54D002B80A0 /* DataSourceObject.swift */,
				D55688DB2248E687002B80A0 /* MyCustomCell.swift */,
				D54109442249F9420047CDC6 /* StoreItemMaker.swift */,
				D55688DF2248EA50002B80A0 /* StoreItem.swift */,
				D5410946224A3F790047CDC6 /* StoreItemSlot.swift */,
				D5439864224CB4E400635C95 /* StoreItemContainer.swift */,
				D5E974E4224CEED80075151C /* MyHeaderContent.swift */,
				D550E1152256010D00BD5C30 /* URLWorker.swift */,
			);
			path = Model;
			sourceTree = "<group>";
		};
		D57554712248E29E0000A3D1 = {
			isa = PBXGroup;
			children = (
				D575547C2248E29E0000A3D1 /* StoreApp */,
				D57554912248E29F0000A3D1 /* StoreAppTests */,
				D575549C2248E29F0000A3D1 /* StoreAppUITests */,
				D575547B2248E29E0000A3D1 /* Products */,
				E7FD0B488C9D5CD230BBDB8B /* Pods */,
				FA86B12DE49DFF539BAA0B3E /* Frameworks */,
			);
			sourceTree = "<group>";
		};
		D575547B2248E29E0000A3D1 /* Products */ = {
			isa = PBXGroup;
			children = (
				D575547A2248E29E0000A3D1 /* StoreApp.app */,
				D575548E2248E29F0000A3D1 /* StoreAppTests.xctest */,
				D57554992248E29F0000A3D1 /* StoreAppUITests.xctest */,
			);
			name = Products;
			sourceTree = "<group>";
		};
		D575547C2248E29E0000A3D1 /* StoreApp */ = {
			isa = PBXGroup;
			children = (
				D543985F224CAD0300635C95 /* JSON */,
				D55688DA2248E665002B80A0 /* Model */,
				D57554AB2248E4C60000A3D1 /* View */,
				D575547F2248E29E0000A3D1 /* ViewController.swift */,
				D57554812248E29E0000A3D1 /* Main.storyboard */,
				D57554842248E29E0000A3D1 /* Assets.xcassets */,
				D575547D2248E29E0000A3D1 /* AppDelegate.swift */,
				D57554862248E29E0000A3D1 /* LaunchScreen.storyboard */,
				D57554892248E29E0000A3D1 /* Info.plist */,
			);
			path = StoreApp;
			sourceTree = "<group>";
		};
		D57554912248E29F0000A3D1 /* StoreAppTests */ = {
			isa = PBXGroup;
			children = (
				D57554922248E29F0000A3D1 /* StoreAppTests.swift */,
				D57554942248E29F0000A3D1 /* Info.plist */,
			);
			path = StoreAppTests;
			sourceTree = "<group>";
		};
		D575549C2248E29F0000A3D1 /* StoreAppUITests */ = {
			isa = PBXGroup;
			children = (
				D575549D2248E29F0000A3D1 /* StoreAppUITests.swift */,
				D575549F2248E29F0000A3D1 /* Info.plist */,
			);
			path = StoreAppUITests;
			sourceTree = "<group>";
		};
		D57554AB2248E4C60000A3D1 /* View */ = {
			isa = PBXGroup;
			children = (
				D543986C224CCFEE00635C95 /* MyCustomHeader.swift */,
				D543986E224CD09000635C95 /* MyCustomHeader.xib */,
			);
			path = View;
			sourceTree = "<group>";
		};
		E7FD0B488C9D5CD230BBDB8B /* Pods */ = {
			isa = PBXGroup;
			children = (
				641D8C9D614476153715FE0B /* Pods-StoreApp.debug.xcconfig */,
				75270A19A6F22AF491DBCB7E /* Pods-StoreApp.release.xcconfig */,
				E2CEFCA3AC192ABD9C531A5E /* Pods-StoreAppTests.debug.xcconfig */,
				4C7E91CB1BAD350A75941723 /* Pods-StoreAppTests.release.xcconfig */,
				60387CA670B13E9557F18C0F /* Pods-StoreAppUITests.debug.xcconfig */,
				99803C212F73C7A918573DD1 /* Pods-StoreAppUITests.release.xcconfig */,
			);
			path = Pods;
			sourceTree = "<group>";
		};
		FA86B12DE49DFF539BAA0B3E /* Frameworks */ = {
			isa = PBXGroup;
			children = (
				D550E13B22561D2000BD5C30 /* URLWorker.xcodeproj */,
				90BEDA9A35C62C4F558AA77C /* Pods_StoreApp.framework */,
				401C48E18DD13A6D1B7CD2B2 /* Pods_StoreAppTests.framework */,
				6EA8C4F492F801211FD0D8E3 /* Pods_StoreAppUITests.framework */,
			);
			name = Frameworks;
			sourceTree = "<group>";
		};
/* End PBXGroup section */

/* Begin PBXNativeTarget section */
		D57554792248E29E0000A3D1 /* StoreApp */ = {
			isa = PBXNativeTarget;
			buildConfigurationList = D57554A22248E29F0000A3D1 /* Build configuration list for PBXNativeTarget "StoreApp" */;
			buildPhases = (
				FF936D9DF3D59599F4A545B2 /* [CP] Check Pods Manifest.lock */,
				D57554762248E29E0000A3D1 /* Sources */,
				D57554772248E29E0000A3D1 /* Frameworks */,
				D57554782248E29E0000A3D1 /* Resources */,
				F47C0CE85D88C2ACF4D58259 /* [CP] Embed Pods Frameworks */,
			);
			buildRules = (
			);
			dependencies = (
			);
			name = StoreApp;
			productName = StoreApp;
			productReference = D575547A2248E29E0000A3D1 /* StoreApp.app */;
			productType = "com.apple.product-type.application";
		};
		D575548D2248E29F0000A3D1 /* StoreAppTests */ = {
			isa = PBXNativeTarget;
			buildConfigurationList = D57554A52248E29F0000A3D1 /* Build configuration list for PBXNativeTarget "StoreAppTests" */;
			buildPhases = (
				1C0AB41CF4BA420350CDBD48 /* [CP] Check Pods Manifest.lock */,
				D575548A2248E29F0000A3D1 /* Sources */,
				D575548B2248E29F0000A3D1 /* Frameworks */,
				D575548C2248E29F0000A3D1 /* Resources */,
			);
			buildRules = (
			);
			dependencies = (
				D57554902248E29F0000A3D1 /* PBXTargetDependency */,
			);
			name = StoreAppTests;
			productName = StoreAppTests;
			productReference = D575548E2248E29F0000A3D1 /* StoreAppTests.xctest */;
			productType = "com.apple.product-type.bundle.unit-test";
		};
		D57554982248E29F0000A3D1 /* StoreAppUITests */ = {
			isa = PBXNativeTarget;
			buildConfigurationList = D57554A82248E29F0000A3D1 /* Build configuration list for PBXNativeTarget "StoreAppUITests" */;
			buildPhases = (
				9F8D52530A6D20CC9E9499DD /* [CP] Check Pods Manifest.lock */,
				D57554952248E29F0000A3D1 /* Sources */,
				D57554962248E29F0000A3D1 /* Frameworks */,
				D57554972248E29F0000A3D1 /* Resources */,
			);
			buildRules = (
			);
			dependencies = (
				D575549B2248E29F0000A3D1 /* PBXTargetDependency */,
			);
			name = StoreAppUITests;
			productName = StoreAppUITests;
			productReference = D57554992248E29F0000A3D1 /* StoreAppUITests.xctest */;
			productType = "com.apple.product-type.bundle.ui-testing";
		};
/* End PBXNativeTarget section */

/* Begin PBXProject section */
		D57554722248E29E0000A3D1 /* Project object */ = {
			isa = PBXProject;
			attributes = {
				LastSwiftUpdateCheck = 0920;
				LastUpgradeCheck = 0920;
				ORGANIZATIONNAME = Drake;
				TargetAttributes = {
					D57554792248E29E0000A3D1 = {
						CreatedOnToolsVersion = 9.2;
						ProvisioningStyle = Automatic;
					};
					D575548D2248E29F0000A3D1 = {
						CreatedOnToolsVersion = 9.2;
						ProvisioningStyle = Automatic;
						TestTargetID = D57554792248E29E0000A3D1;
					};
					D57554982248E29F0000A3D1 = {
						CreatedOnToolsVersion = 9.2;
						ProvisioningStyle = Automatic;
						TestTargetID = D57554792248E29E0000A3D1;
					};
				};
			};
			buildConfigurationList = D57554752248E29E0000A3D1 /* Build configuration list for PBXProject "StoreApp" */;
			compatibilityVersion = "Xcode 8.0";
			developmentRegion = en;
			hasScannedForEncodings = 0;
			knownRegions = (
				en,
				Base,
			);
			mainGroup = D57554712248E29E0000A3D1;
			productRefGroup = D575547B2248E29E0000A3D1 /* Products */;
			projectDirPath = "";
			projectReferences = (
				{
					ProductGroup = D550E13C22561D2000BD5C30 /* Products */;
					ProjectRef = D550E13B22561D2000BD5C30 /* URLWorker.xcodeproj */;
				},
			);
			projectRoot = "";
			targets = (
				D57554792248E29E0000A3D1 /* StoreApp */,
				D575548D2248E29F0000A3D1 /* StoreAppTests */,
				D57554982248E29F0000A3D1 /* StoreAppUITests */,
			);
		};
/* End PBXProject section */

/* Begin PBXReferenceProxy section */
		D550E14122561D2200BD5C30 /* URLWorker.framework */ = {
			isa = PBXReferenceProxy;
			fileType = wrapper.framework;
			path = URLWorker.framework;
			remoteRef = D550E14022561D2200BD5C30 /* PBXContainerItemProxy */;
			sourceTree = BUILT_PRODUCTS_DIR;
		};
		D550E14322561D2200BD5C30 /* URLWorkerTests.xctest */ = {
			isa = PBXReferenceProxy;
			fileType = wrapper.cfbundle;
			path = URLWorkerTests.xctest;
			remoteRef = D550E14222561D2200BD5C30 /* PBXContainerItemProxy */;
			sourceTree = BUILT_PRODUCTS_DIR;
		};
/* End PBXReferenceProxy section */

/* Begin PBXResourcesBuildPhase section */
		D57554782248E29E0000A3D1 /* Resources */ = {
			isa = PBXResourcesBuildPhase;
			buildActionMask = 2147483647;
			files = (
				D5439862224CAD1E00635C95 /* side.json in Resources */,
				D57554882248E29E0000A3D1 /* LaunchScreen.storyboard in Resources */,
				D543986F224CD09000635C95 /* MyCustomHeader.xib in Resources */,
				D57554852248E29E0000A3D1 /* Assets.xcassets in Resources */,
				D55688DE2248E96C002B80A0 /* main.json in Resources */,
				D5439863224CAD1E00635C95 /* soup.json in Resources */,
				D57554832248E29E0000A3D1 /* Main.storyboard in Resources */,
			);
			runOnlyForDeploymentPostprocessing = 0;
		};
		D575548C2248E29F0000A3D1 /* Resources */ = {
			isa = PBXResourcesBuildPhase;
			buildActionMask = 2147483647;
			files = (
			);
			runOnlyForDeploymentPostprocessing = 0;
		};
		D57554972248E29F0000A3D1 /* Resources */ = {
			isa = PBXResourcesBuildPhase;
			buildActionMask = 2147483647;
			files = (
			);
			runOnlyForDeploymentPostprocessing = 0;
		};
/* End PBXResourcesBuildPhase section */

/* Begin PBXShellScriptBuildPhase section */
		1C0AB41CF4BA420350CDBD48 /* [CP] Check Pods Manifest.lock */ = {
			isa = PBXShellScriptBuildPhase;
			buildActionMask = 2147483647;
			files = (
			);
			inputPaths = (
				"${PODS_PODFILE_DIR_PATH}/Podfile.lock",
				"${PODS_ROOT}/Manifest.lock",
			);
			name = "[CP] Check Pods Manifest.lock";
			outputPaths = (
				"$(DERIVED_FILE_DIR)/Pods-StoreAppTests-checkManifestLockResult.txt",
			);
			runOnlyForDeploymentPostprocessing = 0;
			shellPath = /bin/sh;
			shellScript = "diff \"${PODS_PODFILE_DIR_PATH}/Podfile.lock\" \"${PODS_ROOT}/Manifest.lock\" > /dev/null\nif [ $? != 0 ] ; then\n    # print error to STDERR\n    echo \"error: The sandbox is not in sync with the Podfile.lock. Run 'pod install' or update your CocoaPods installation.\" >&2\n    exit 1\nfi\n# This output is used by Xcode 'outputs' to avoid re-running this script phase.\necho \"SUCCESS\" > \"${SCRIPT_OUTPUT_FILE_0}\"\n";
			showEnvVarsInLog = 0;
		};
		9F8D52530A6D20CC9E9499DD /* [CP] Check Pods Manifest.lock */ = {
			isa = PBXShellScriptBuildPhase;
			buildActionMask = 2147483647;
			files = (
			);
			inputPaths = (
				"${PODS_PODFILE_DIR_PATH}/Podfile.lock",
				"${PODS_ROOT}/Manifest.lock",
			);
			name = "[CP] Check Pods Manifest.lock";
			outputPaths = (
				"$(DERIVED_FILE_DIR)/Pods-StoreAppUITests-checkManifestLockResult.txt",
			);
			runOnlyForDeploymentPostprocessing = 0;
			shellPath = /bin/sh;
			shellScript = "diff \"${PODS_PODFILE_DIR_PATH}/Podfile.lock\" \"${PODS_ROOT}/Manifest.lock\" > /dev/null\nif [ $? != 0 ] ; then\n    # print error to STDERR\n    echo \"error: The sandbox is not in sync with the Podfile.lock. Run 'pod install' or update your CocoaPods installation.\" >&2\n    exit 1\nfi\n# This output is used by Xcode 'outputs' to avoid re-running this script phase.\necho \"SUCCESS\" > \"${SCRIPT_OUTPUT_FILE_0}\"\n";
			showEnvVarsInLog = 0;
		};
		F47C0CE85D88C2ACF4D58259 /* [CP] Embed Pods Frameworks */ = {
			isa = PBXShellScriptBuildPhase;
			buildActionMask = 2147483647;
			files = (
			);
			inputPaths = (
				"${PODS_ROOT}/Target Support Files/Pods-StoreApp/Pods-StoreApp-frameworks.sh",
				"${BUILT_PRODUCTS_DIR}/Toaster/Toaster.framework",
			);
			name = "[CP] Embed Pods Frameworks";
			outputPaths = (
				"${TARGET_BUILD_DIR}/${FRAMEWORKS_FOLDER_PATH}/Toaster.framework",
			);
			runOnlyForDeploymentPostprocessing = 0;
			shellPath = /bin/sh;
			shellScript = "\"${PODS_ROOT}/Target Support Files/Pods-StoreApp/Pods-StoreApp-frameworks.sh\"\n";
			showEnvVarsInLog = 0;
		};
		FF936D9DF3D59599F4A545B2 /* [CP] Check Pods Manifest.lock */ = {
			isa = PBXShellScriptBuildPhase;
			buildActionMask = 2147483647;
			files = (
			);
			inputPaths = (
				"${PODS_PODFILE_DIR_PATH}/Podfile.lock",
				"${PODS_ROOT}/Manifest.lock",
			);
			name = "[CP] Check Pods Manifest.lock";
			outputPaths = (
				"$(DERIVED_FILE_DIR)/Pods-StoreApp-checkManifestLockResult.txt",
			);
			runOnlyForDeploymentPostprocessing = 0;
			shellPath = /bin/sh;
			shellScript = "diff \"${PODS_PODFILE_DIR_PATH}/Podfile.lock\" \"${PODS_ROOT}/Manifest.lock\" > /dev/null\nif [ $? != 0 ] ; then\n    # print error to STDERR\n    echo \"error: The sandbox is not in sync with the Podfile.lock. Run 'pod install' or update your CocoaPods installation.\" >&2\n    exit 1\nfi\n# This output is used by Xcode 'outputs' to avoid re-running this script phase.\necho \"SUCCESS\" > \"${SCRIPT_OUTPUT_FILE_0}\"\n";
			showEnvVarsInLog = 0;
		};
/* End PBXShellScriptBuildPhase section */

/* Begin PBXSourcesBuildPhase section */
		D57554762248E29E0000A3D1 /* Sources */ = {
			isa = PBXSourcesBuildPhase;
			buildActionMask = 2147483647;
			files = (
				D54109452249F9420047CDC6 /* StoreItemMaker.swift in Sources */,
				D57554802248E29E0000A3D1 /* ViewController.swift in Sources */,
				D550E1162256010D00BD5C30 /* URLWorker.swift in Sources */,
				D5E974E5224CEED80075151C /* MyHeaderContent.swift in Sources */,
				D5439865224CB4E400635C95 /* StoreItemContainer.swift in Sources */,
				D55688D92248E54D002B80A0 /* DataSourceObject.swift in Sources */,
				D55688E02248EA50002B80A0 /* StoreItem.swift in Sources */,
				D5410947224A3F790047CDC6 /* StoreItemSlot.swift in Sources */,
				D55688DC2248E687002B80A0 /* MyCustomCell.swift in Sources */,
				D575547E2248E29E0000A3D1 /* AppDelegate.swift in Sources */,
				D543986D224CCFEE00635C95 /* MyCustomHeader.swift in Sources */,
			);
			runOnlyForDeploymentPostprocessing = 0;
		};
		D575548A2248E29F0000A3D1 /* Sources */ = {
			isa = PBXSourcesBuildPhase;
			buildActionMask = 2147483647;
			files = (
				D57554932248E29F0000A3D1 /* StoreAppTests.swift in Sources */,
			);
			runOnlyForDeploymentPostprocessing = 0;
		};
		D57554952248E29F0000A3D1 /* Sources */ = {
			isa = PBXSourcesBuildPhase;
			buildActionMask = 2147483647;
			files = (
				D575549E2248E29F0000A3D1 /* StoreAppUITests.swift in Sources */,
			);
			runOnlyForDeploymentPostprocessing = 0;
		};
/* End PBXSourcesBuildPhase section */

/* Begin PBXTargetDependency section */
		D57554902248E29F0000A3D1 /* PBXTargetDependency */ = {
			isa = PBXTargetDependency;
			target = D57554792248E29E0000A3D1 /* StoreApp */;
			targetProxy = D575548F2248E29F0000A3D1 /* PBXContainerItemProxy */;
		};
		D575549B2248E29F0000A3D1 /* PBXTargetDependency */ = {
			isa = PBXTargetDependency;
			target = D57554792248E29E0000A3D1 /* StoreApp */;
			targetProxy = D575549A2248E29F0000A3D1 /* PBXContainerItemProxy */;
		};
/* End PBXTargetDependency section */

/* Begin PBXVariantGroup section */
		D57554812248E29E0000A3D1 /* Main.storyboard */ = {
			isa = PBXVariantGroup;
			children = (
				D57554822248E29E0000A3D1 /* Base */,
			);
			name = Main.storyboard;
			sourceTree = "<group>";
		};
		D57554862248E29E0000A3D1 /* LaunchScreen.storyboard */ = {
			isa = PBXVariantGroup;
			children = (
				D57554872248E29E0000A3D1 /* Base */,
			);
			name = LaunchScreen.storyboard;
			sourceTree = "<group>";
		};
/* End PBXVariantGroup section */

/* Begin XCBuildConfiguration section */
		D57554A02248E29F0000A3D1 /* Debug */ = {
			isa = XCBuildConfiguration;
			buildSettings = {
				ALWAYS_SEARCH_USER_PATHS = NO;
				CLANG_ANALYZER_NONNULL = YES;
				CLANG_ANALYZER_NUMBER_OBJECT_CONVERSION = YES_AGGRESSIVE;
				CLANG_CXX_LANGUAGE_STANDARD = "gnu++14";
				CLANG_CXX_LIBRARY = "libc++";
				CLANG_ENABLE_MODULES = YES;
				CLANG_ENABLE_OBJC_ARC = YES;
				CLANG_WARN_BLOCK_CAPTURE_AUTORELEASING = YES;
				CLANG_WARN_BOOL_CONVERSION = YES;
				CLANG_WARN_COMMA = YES;
				CLANG_WARN_CONSTANT_CONVERSION = YES;
				CLANG_WARN_DIRECT_OBJC_ISA_USAGE = YES_ERROR;
				CLANG_WARN_DOCUMENTATION_COMMENTS = YES;
				CLANG_WARN_EMPTY_BODY = YES;
				CLANG_WARN_ENUM_CONVERSION = YES;
				CLANG_WARN_INFINITE_RECURSION = YES;
				CLANG_WARN_INT_CONVERSION = YES;
				CLANG_WARN_NON_LITERAL_NULL_CONVERSION = YES;
				CLANG_WARN_OBJC_LITERAL_CONVERSION = YES;
				CLANG_WARN_OBJC_ROOT_CLASS = YES_ERROR;
				CLANG_WARN_RANGE_LOOP_ANALYSIS = YES;
				CLANG_WARN_STRICT_PROTOTYPES = YES;
				CLANG_WARN_SUSPICIOUS_MOVE = YES;
				CLANG_WARN_UNGUARDED_AVAILABILITY = YES_AGGRESSIVE;
				CLANG_WARN_UNREACHABLE_CODE = YES;
				CLANG_WARN__DUPLICATE_METHOD_MATCH = YES;
				CODE_SIGN_IDENTITY = "iPhone Developer";
				COPY_PHASE_STRIP = NO;
				DEBUG_INFORMATION_FORMAT = dwarf;
				ENABLE_STRICT_OBJC_MSGSEND = YES;
				ENABLE_TESTABILITY = YES;
				GCC_C_LANGUAGE_STANDARD = gnu11;
				GCC_DYNAMIC_NO_PIC = NO;
				GCC_NO_COMMON_BLOCKS = YES;
				GCC_OPTIMIZATION_LEVEL = 0;
				GCC_PREPROCESSOR_DEFINITIONS = (
					"DEBUG=1",
					"$(inherited)",
				);
				GCC_WARN_64_TO_32_BIT_CONVERSION = YES;
				GCC_WARN_ABOUT_RETURN_TYPE = YES_ERROR;
				GCC_WARN_UNDECLARED_SELECTOR = YES;
				GCC_WARN_UNINITIALIZED_AUTOS = YES_AGGRESSIVE;
				GCC_WARN_UNUSED_FUNCTION = YES;
				GCC_WARN_UNUSED_VARIABLE = YES;
				IPHONEOS_DEPLOYMENT_TARGET = 11.2;
				MTL_ENABLE_DEBUG_INFO = YES;
				ONLY_ACTIVE_ARCH = YES;
				SDKROOT = iphoneos;
				SWIFT_ACTIVE_COMPILATION_CONDITIONS = DEBUG;
				SWIFT_OPTIMIZATION_LEVEL = "-Onone";
			};
			name = Debug;
		};
		D57554A12248E29F0000A3D1 /* Release */ = {
			isa = XCBuildConfiguration;
			buildSettings = {
				ALWAYS_SEARCH_USER_PATHS = NO;
				CLANG_ANALYZER_NONNULL = YES;
				CLANG_ANALYZER_NUMBER_OBJECT_CONVERSION = YES_AGGRESSIVE;
				CLANG_CXX_LANGUAGE_STANDARD = "gnu++14";
				CLANG_CXX_LIBRARY = "libc++";
				CLANG_ENABLE_MODULES = YES;
				CLANG_ENABLE_OBJC_ARC = YES;
				CLANG_WARN_BLOCK_CAPTURE_AUTORELEASING = YES;
				CLANG_WARN_BOOL_CONVERSION = YES;
				CLANG_WARN_COMMA = YES;
				CLANG_WARN_CONSTANT_CONVERSION = YES;
				CLANG_WARN_DIRECT_OBJC_ISA_USAGE = YES_ERROR;
				CLANG_WARN_DOCUMENTATION_COMMENTS = YES;
				CLANG_WARN_EMPTY_BODY = YES;
				CLANG_WARN_ENUM_CONVERSION = YES;
				CLANG_WARN_INFINITE_RECURSION = YES;
				CLANG_WARN_INT_CONVERSION = YES;
				CLANG_WARN_NON_LITERAL_NULL_CONVERSION = YES;
				CLANG_WARN_OBJC_LITERAL_CONVERSION = YES;
				CLANG_WARN_OBJC_ROOT_CLASS = YES_ERROR;
				CLANG_WARN_RANGE_LOOP_ANALYSIS = YES;
				CLANG_WARN_STRICT_PROTOTYPES = YES;
				CLANG_WARN_SUSPICIOUS_MOVE = YES;
				CLANG_WARN_UNGUARDED_AVAILABILITY = YES_AGGRESSIVE;
				CLANG_WARN_UNREACHABLE_CODE = YES;
				CLANG_WARN__DUPLICATE_METHOD_MATCH = YES;
				CODE_SIGN_IDENTITY = "iPhone Developer";
				COPY_PHASE_STRIP = NO;
				DEBUG_INFORMATION_FORMAT = "dwarf-with-dsym";
				ENABLE_NS_ASSERTIONS = NO;
				ENABLE_STRICT_OBJC_MSGSEND = YES;
				GCC_C_LANGUAGE_STANDARD = gnu11;
				GCC_NO_COMMON_BLOCKS = YES;
				GCC_WARN_64_TO_32_BIT_CONVERSION = YES;
				GCC_WARN_ABOUT_RETURN_TYPE = YES_ERROR;
				GCC_WARN_UNDECLARED_SELECTOR = YES;
				GCC_WARN_UNINITIALIZED_AUTOS = YES_AGGRESSIVE;
				GCC_WARN_UNUSED_FUNCTION = YES;
				GCC_WARN_UNUSED_VARIABLE = YES;
				IPHONEOS_DEPLOYMENT_TARGET = 11.2;
				MTL_ENABLE_DEBUG_INFO = NO;
				SDKROOT = iphoneos;
				SWIFT_OPTIMIZATION_LEVEL = "-Owholemodule";
				VALIDATE_PRODUCT = YES;
			};
			name = Release;
		};
		D57554A32248E29F0000A3D1 /* Debug */ = {
			isa = XCBuildConfiguration;
			baseConfigurationReference = 641D8C9D614476153715FE0B /* Pods-StoreApp.debug.xcconfig */;
			buildSettings = {
				ASSETCATALOG_COMPILER_APPICON_NAME = AppIcon;
				CODE_SIGN_STYLE = Automatic;
				DEVELOPMENT_TEAM = 3AMK47TW4P;
				INFOPLIST_FILE = StoreApp/Info.plist;
				LD_RUNPATH_SEARCH_PATHS = "$(inherited) @executable_path/Frameworks";
				PRODUCT_BUNDLE_IDENTIFIER = kr.codesquad.StoreApp;
				PRODUCT_NAME = "$(TARGET_NAME)";
				SWIFT_VERSION = 4.0;
				TARGETED_DEVICE_FAMILY = "1,2";
			};
			name = Debug;
		};
		D57554A42248E29F0000A3D1 /* Release */ = {
			isa = XCBuildConfiguration;
			baseConfigurationReference = 75270A19A6F22AF491DBCB7E /* Pods-StoreApp.release.xcconfig */;
			buildSettings = {
				ASSETCATALOG_COMPILER_APPICON_NAME = AppIcon;
				CODE_SIGN_STYLE = Automatic;
				DEVELOPMENT_TEAM = 3AMK47TW4P;
				INFOPLIST_FILE = StoreApp/Info.plist;
				LD_RUNPATH_SEARCH_PATHS = "$(inherited) @executable_path/Frameworks";
				PRODUCT_BUNDLE_IDENTIFIER = kr.codesquad.StoreApp;
				PRODUCT_NAME = "$(TARGET_NAME)";
				SWIFT_VERSION = 4.0;
				TARGETED_DEVICE_FAMILY = "1,2";
			};
			name = Release;
		};
		D57554A62248E29F0000A3D1 /* Debug */ = {
			isa = XCBuildConfiguration;
			baseConfigurationReference = E2CEFCA3AC192ABD9C531A5E /* Pods-StoreAppTests.debug.xcconfig */;
			buildSettings = {
				ALWAYS_EMBED_SWIFT_STANDARD_LIBRARIES = YES;
				BUNDLE_LOADER = "$(TEST_HOST)";
				CODE_SIGN_STYLE = Automatic;
				DEVELOPMENT_TEAM = 3AMK47TW4P;
				INFOPLIST_FILE = StoreAppTests/Info.plist;
				LD_RUNPATH_SEARCH_PATHS = "$(inherited) @executable_path/Frameworks @loader_path/Frameworks";
				PRODUCT_BUNDLE_IDENTIFIER = kr.codesquad.StoreAppTests;
				PRODUCT_NAME = "$(TARGET_NAME)";
				SWIFT_VERSION = 4.0;
				TARGETED_DEVICE_FAMILY = "1,2";
				TEST_HOST = "$(BUILT_PRODUCTS_DIR)/StoreApp.app/StoreApp";
			};
			name = Debug;
		};
		D57554A72248E29F0000A3D1 /* Release */ = {
			isa = XCBuildConfiguration;
			baseConfigurationReference = 4C7E91CB1BAD350A75941723 /* Pods-StoreAppTests.release.xcconfig */;
			buildSettings = {
				ALWAYS_EMBED_SWIFT_STANDARD_LIBRARIES = YES;
				BUNDLE_LOADER = "$(TEST_HOST)";
				CODE_SIGN_STYLE = Automatic;
				DEVELOPMENT_TEAM = 3AMK47TW4P;
				INFOPLIST_FILE = StoreAppTests/Info.plist;
				LD_RUNPATH_SEARCH_PATHS = "$(inherited) @executable_path/Frameworks @loader_path/Frameworks";
				PRODUCT_BUNDLE_IDENTIFIER = kr.codesquad.StoreAppTests;
				PRODUCT_NAME = "$(TARGET_NAME)";
				SWIFT_VERSION = 4.0;
				TARGETED_DEVICE_FAMILY = "1,2";
				TEST_HOST = "$(BUILT_PRODUCTS_DIR)/StoreApp.app/StoreApp";
			};
			name = Release;
		};
		D57554A92248E29F0000A3D1 /* Debug */ = {
			isa = XCBuildConfiguration;
			baseConfigurationReference = 60387CA670B13E9557F18C0F /* Pods-StoreAppUITests.debug.xcconfig */;
			buildSettings = {
				ALWAYS_EMBED_SWIFT_STANDARD_LIBRARIES = YES;
				CODE_SIGN_STYLE = Automatic;
				DEVELOPMENT_TEAM = 3AMK47TW4P;
				INFOPLIST_FILE = StoreAppUITests/Info.plist;
				LD_RUNPATH_SEARCH_PATHS = "$(inherited) @executable_path/Frameworks @loader_path/Frameworks";
				PRODUCT_BUNDLE_IDENTIFIER = kr.codesquad.StoreAppUITests;
				PRODUCT_NAME = "$(TARGET_NAME)";
				SWIFT_VERSION = 4.0;
				TARGETED_DEVICE_FAMILY = "1,2";
				TEST_TARGET_NAME = StoreApp;
			};
			name = Debug;
		};
		D57554AA2248E29F0000A3D1 /* Release */ = {
			isa = XCBuildConfiguration;
			baseConfigurationReference = 99803C212F73C7A918573DD1 /* Pods-StoreAppUITests.release.xcconfig */;
			buildSettings = {
				ALWAYS_EMBED_SWIFT_STANDARD_LIBRARIES = YES;
				CODE_SIGN_STYLE = Automatic;
				DEVELOPMENT_TEAM = 3AMK47TW4P;
				INFOPLIST_FILE = StoreAppUITests/Info.plist;
				LD_RUNPATH_SEARCH_PATHS = "$(inherited) @executable_path/Frameworks @loader_path/Frameworks";
				PRODUCT_BUNDLE_IDENTIFIER = kr.codesquad.StoreAppUITests;
				PRODUCT_NAME = "$(TARGET_NAME)";
				SWIFT_VERSION = 4.0;
				TARGETED_DEVICE_FAMILY = "1,2";
				TEST_TARGET_NAME = StoreApp;
			};
			name = Release;
		};
/* End XCBuildConfiguration section */

/* Begin XCConfigurationList section */
		D57554752248E29E0000A3D1 /* Build configuration list for PBXProject "StoreApp" */ = {
			isa = XCConfigurationList;
			buildConfigurations = (
				D57554A02248E29F0000A3D1 /* Debug */,
				D57554A12248E29F0000A3D1 /* Release */,
			);
			defaultConfigurationIsVisible = 0;
			defaultConfigurationName = Release;
		};
		D57554A22248E29F0000A3D1 /* Build configuration list for PBXNativeTarget "StoreApp" */ = {
			isa = XCConfigurationList;
			buildConfigurations = (
				D57554A32248E29F0000A3D1 /* Debug */,
				D57554A42248E29F0000A3D1 /* Release */,
			);
			defaultConfigurationIsVisible = 0;
			defaultConfigurationName = Release;
		};
		D57554A52248E29F0000A3D1 /* Build configuration list for PBXNativeTarget "StoreAppTests" */ = {
			isa = XCConfigurationList;
			buildConfigurations = (
				D57554A62248E29F0000A3D1 /* Debug */,
				D57554A72248E29F0000A3D1 /* Release */,
			);
			defaultConfigurationIsVisible = 0;
			defaultConfigurationName = Release;
		};
		D57554A82248E29F0000A3D1 /* Build configuration list for PBXNativeTarget "StoreAppUITests" */ = {
			isa = XCConfigurationList;
			buildConfigurations = (
				D57554A92248E29F0000A3D1 /* Debug */,
				D57554AA2248E29F0000A3D1 /* Release */,
			);
			defaultConfigurationIsVisible = 0;
			defaultConfigurationName = Release;
		};
/* End XCConfigurationList section */
	};
	rootObject = D57554722248E29E0000A3D1 /* Project object */;
}
